# This file is automatically @generated by Cargo.
# It is not intended for manual editing.
version = 4

[[package]]
name = "gather"
version = "1.0.0"
source = "git+https://github.com/exquisiteOntologist/gather.git#5585a1ac6b0ebea602c4b3224a111786728486f2"

[[package]]
name = "titles"
version = "1.1.4"
dependencies = [
 "gather",
]
